
Microsoft Visual Studio Solution File, Format Version 12.00
# Visual Studio Version 17
VisualStudioVersion = 17.4.33122.133
MinimumVisualStudioVersion = 10.0.40219.1
Project("{9A19103F-16F7-4668-BE54-9A1E7A4F7556}") = "HospitalUI", "HospitalUI.csproj", "{A8F82D9B-B7FC-4881-A9C2-A34955DB7E2E}"
EndProject
Project("{9A19103F-16F7-4668-BE54-9A1E7A4F7556}") = "Domain", "..\Domain\Domain.csproj", "{999CCA79-AAF6-46B6-B3A6-FD113E5324FB}"
EndProject
Project("{9A19103F-16F7-4668-BE54-9A1E7A4F7556}") = "Application", "..\Application\Application.csproj", "{373E5BCE-0F79-4171-8891-7FA7EECDD54B}"
EndProject
Project("{9A19103F-16F7-4668-BE54-9A1E7A4F7556}") = "Infrastructure", "..\Infrastructure\Infrastructure.csproj", "{A9603903-E7BD-415E-B80B-BAD6AE16B39A}"
EndProject
Global
	GlobalSection(SolutionConfigurationPlatforms) = preSolution
		Debug|Any CPU = Debug|Any CPU
		Release|Any CPU = Release|Any CPU
	EndGlobalSection
	GlobalSection(ProjectConfigurationPlatforms) = postSolution
		{A8F82D9B-B7FC-4881-A9C2-A34955DB7E2E}.Debug|Any CPU.ActiveCfg = Debug|Any CPU
		{A8F82D9B-B7FC-4881-A9C2-A34955DB7E2E}.Debug|Any CPU.Build.0 = Debug|Any CPU
		{A8F82D9B-B7FC-4881-A9C2-A34955DB7E2E}.Release|Any CPU.ActiveCfg = Release|Any CPU
		{A8F82D9B-B7FC-4881-A9C2-A34955DB7E2E}.Release|Any CPU.Build.0 = Release|Any CPU
		{999CCA79-AAF6-46B6-B3A6-FD113E5324FB}.Debug|Any CPU.ActiveCfg = Debug|Any CPU
		{999CCA79-AAF6-46B6-B3A6-FD113E5324FB}.Debug|Any CPU.Build.0 = Debug|Any CPU
		{999CCA79-AAF6-46B6-B3A6-FD113E5324FB}.Release|Any CPU.ActiveCfg = Release|Any CPU
		{999CCA79-AAF6-46B6-B3A6-FD113E5324FB}.Release|Any CPU.Build.0 = Release|Any CPU
		{373E5BCE-0F79-4171-8891-7FA7EECDD54B}.Debug|Any CPU.ActiveCfg = Debug|Any CPU
		{373E5BCE-0F79-4171-8891-7FA7EECDD54B}.Debug|Any CPU.Build.0 = Debug|Any CPU
		{373E5BCE-0F79-4171-8891-7FA7EECDD54B}.Release|Any CPU.ActiveCfg = Release|Any CPU
		{373E5BCE-0F79-4171-8891-7FA7EECDD54B}.Release|Any CPU.Build.0 = Release|Any CPU
		{A9603903-E7BD-415E-B80B-BAD6AE16B39A}.Debug|Any CPU.ActiveCfg = Debug|Any CPU
		{A9603903-E7BD-415E-B80B-BAD6AE16B39A}.Debug|Any CPU.Build.0 = Debug|Any CPU
		{A9603903-E7BD-415E-B80B-BAD6AE16B39A}.Release|Any CPU.ActiveCfg = Release|Any CPU
		{A9603903-E7BD-415E-B80B-BAD6AE16B39A}.Release|Any CPU.Build.0 = Release|Any CPU
	EndGlobalSection
	GlobalSection(SolutionProperties) = preSolution
		HideSolutionNode = FALSE
	EndGlobalSection
	GlobalSection(ExtensibilityGlobals) = postSolution
		SolutionGuid = {27707095-D58F-4E82-8901-4CF20BF747ED}
	EndGlobalSection
EndGlobal
